
Microsoft Visual Studio Solution File, Format Version 12.00
# Visual Studio Version 17
VisualStudioVersion = 17.2.32516.85
MinimumVisualStudioVersion = 10.0.40219.1
Project("{FAE04EC0-301F-11D3-BF4B-00C04F79EFBC}") = "OpenNoteAPI", "OpenNoteAPI\OpenNoteAPI.csproj", "{C93D7A55-6F0E-47A6-B1C7-DEF2A4E93842}"
EndProject
Global
	GlobalSection(SolutionConfigurationPlatforms) = preSolution
		Debug|Any CPU = Debug|Any CPU
		Release|Any CPU = Release|Any CPU
	EndGlobalSection
	GlobalSection(ProjectConfigurationPlatforms) = postSolution
		{C93D7A55-6F0E-47A6-B1C7-DEF2A4E93842}.Debug|Any CPU.ActiveCfg = Debug|Any CPU
		{C93D7A55-6F0E-47A6-B1C7-DEF2A4E93842}.Debug|Any CPU.Build.0 = Debug|Any CPU
		{C93D7A55-6F0E-47A6-B1C7-DEF2A4E93842}.Release|Any CPU.ActiveCfg = Release|Any CPU
		{C93D7A55-6F0E-47A6-B1C7-DEF2A4E93842}.Release|Any CPU.Build.0 = Release|Any CPU
	EndGlobalSection
	GlobalSection(SolutionProperties) = preSolution
		HideSolutionNode = FALSE
	EndGlobalSection
	GlobalSection(ExtensibilityGlobals) = postSolution
		SolutionGuid = {4E15759F-6B0A-4802-BFBD-84B0269825FD}
	EndGlobalSection
EndGlobal
